<?xml version="1.0" encoding="UTF-8"?>
<Scheme
   LastUpgradeVersion = "2630"
   version = "1.7">
   <BuildAction
      parallelizeBuildables = "YES"
      buildImplicitDependencies = "YES"
      buildArchitectures = "Automatic">
      <BuildActionEntries>
         <BuildActionEntry
            buildForTesting = "YES"
            buildForRunning = "YES"
            buildForProfiling = "YES"
            buildForArchiving = "YES"
            buildForAnalyzing = "YES">
            <BuildableReference
               BuildableIdentifier = "primary"
               BlueprintIdentifier = "7CAC97002FAF207000256D3A"
               BuildableName = "&#x673a;&#x623f;&#x9884;&#x7ea6;&#x7cfb;&#x7edf;"
               BlueprintName = "&#x673a;&#x623f;&#x9884;&#x7ea6;&#x7cfb;&#x7edf;"
               ReferencedContainer = "container:&#x673a;&#x623f;&#x9884;&#x7ea6;&#x7cfb;&#x7edf;.xcodeproj">
            </BuildableReference>
         </BuildActionEntry>
      </BuildActionEntries>
   </BuildAction>
   <TestAction
      buildConfiguration = "Debug"
      selectedDebuggerIdentifier = "Xcode.DebuggerFoundation.Debugger.LLDB"
      selectedLauncherIdentifier = "Xcode.DebuggerFoundation.Launcher.LLDB"
      shouldUseLaunchSchemeArgsEnv = "YES"
      shouldAutocreateTestPlan = "YES">
   </TestAction>
   <LaunchAction
      buildConfiguration = "Debug"
      selectedDebuggerIdentifier = "Xcode.DebuggerFoundation.Debugger.LLDB"
      selectedLauncherIdentifier = "Xcode.DebuggerFoundation.Launcher.LLDB"
      launchStyle = "0"
      useCustomWorkingDirectory = "YES"
      customWorkingDirectory = "/Users/huangyifei/C plus plus/project3/&#x673a;&#x623f;&#x9884;&#x7ea6;&#x7cfb;&#x7edf;/&#x673a;&#x623f;&#x9884;&#x7ea6;&#x7cfb;&#x7edf;/file"
      ignoresPersistentStateOnLaunch = "NO"
      debugDocumentVersioning = "YES"
      debugServiceExtension = "internal"
      allowLocationSimulation = "YES"
      viewDebuggingEnabled = "No">
      <BuildableProductRunnable
         runnableDebuggingMode = "0">
         <BuildableReference
            BuildableIdentifier = "primary"
            BlueprintIdentifier = "7CAC97002FAF207000256D3A"
            BuildableName = "&#x673a;&#x623f;&#x9884;&#x7ea6;&#x7cfb;&#x7edf;"
            BlueprintName = "&#x673a;&#x623f;&#x9884;&#x7ea6;&#x7cfb;&#x7edf;"
            ReferencedContainer = "container:&#x673a;&#x623f;&#x9884;&#x7ea6;&#x7cfb;&#x7edf;.xcodeproj">
         </BuildableReference>
      </BuildableProductRunnable>
   </LaunchAction>
   <ProfileAction
      buildConfiguration = "Release"
      shouldUseLaunchSchemeArgsEnv = "YES"
      savedToolIdentifier = ""
      useCustomWorkingDirectory = "NO"
      debugDocumentVersioning = "YES">
      <BuildableProductRunnable
         runnableDebuggingMode = "0">
         <BuildableReference
            BuildableIdentifier = "primary"
            BlueprintIdentifier = "7CAC97002FAF207000256D3A"
            BuildableName = "&#x673a;&#x623f;&#x9884;&#x7ea6;&#x7cfb;&#x7edf;"
            BlueprintName = "&#x673a;&#x623f;&#x9884;&#x7ea6;&#x7cfb;&#x7edf;"
            ReferencedContainer = "container:&#x673a;&#x623f;&#x9884;&#x7ea6;&#x7cfb;&#x7edf;.xcodeproj">
         </BuildableReference>
      </BuildableProductRunnable>
   </ProfileAction>
   <AnalyzeAction
      buildConfiguration = "Debug">
   </AnalyzeAction>
   <ArchiveAction
      buildConfiguration = "Release"
      revealArchiveInOrganizer = "YES">
   </ArchiveAction>
</Scheme>
